// !$*UTF8*$!
{
	archiveVersion = 1;
	classes = {
	};
	objectVersion = 48;
	objects = {

/* Begin PBXBuildFile section */
		31C4FDC72016707600C0A49D /* AppDelegate.swift in Sources */ = {isa = PBXBuildFile; fileRef = 31C4FDC62016707600C0A49D /* AppDelegate.swift */; };
		31C4FDC92016707600C0A49D /* ViewController.swift in Sources */ = {isa = PBXBuildFile; fileRef = 31C4FDC82016707600C0A49D /* ViewController.swift */; };
		31C4FDCC2016707600C0A49D /* Main.storyboard in Resources */ = {isa = PBXBuildFile; fileRef = 31C4FDCA2016707600C0A49D /* Main.storyboard */; };
		31C4FDCE2016707600C0A49D /* Assets.xcassets in Resources */ = {isa = PBXBuildFile; fileRef = 31C4FDCD2016707600C0A49D /* Assets.xcassets */; };
		31C4FDD12016707600C0A49D /* LaunchScreen.storyboard in Resources */ = {isa = PBXBuildFile; fileRef = 31C4FDCF2016707600C0A49D /* LaunchScreen.storyboard */; };
		31C4FDD920167CC600C0A49D /* DateTime.swift in Sources */ = {isa = PBXBuildFile; fileRef = 31C4FDD820167CC600C0A49D /* DateTime.swift */; };
/* End PBXBuildFile section */

/* Begin PBXFileReference section */
		31C4FDC32016707600C0A49D /* clockIn.app */ = {isa = PBXFileReference; explicitFileType = wrapper.application; includeInIndex = 0; path = clockIn.app; sourceTree = BUILT_PRODUCTS_DIR; };
		31C4FDC62016707600C0A49D /* AppDelegate.swift */ = {isa = PBXFileReference; lastKnownFileType = sourcecode.swift; path = AppDelegate.swift; sourceTree = "<group>"; };
		31C4FDC82016707600C0A49D /* ViewController.swift */ = {isa = PBXFileReference; lastKnownFileType = sourcecode.swift; path = ViewController.swift; sourceTree = "<group>"; };
		31C4FDCB2016707600C0A49D /* Base */ = {isa = PBXFileReference; lastKnownFileType = file.storyboard; name = Base; path = Base.lproj/Main.storyboard; sourceTree = "<group>"; };
		31C4FDCD2016707600C0A49D /* Assets.xcassets */ = {isa = PBXFileReference; lastKnownFileType = folder.assetcatalog; path = Assets.xcassets; sourceTree = "<group>"; };
		31C4FDD02016707600C0A49D /* Base */ = {isa = PBXFileReference; lastKnownFileType = file.storyboard; name = Base; path = Base.lproj/LaunchScreen.storyboard; sourceTree = "<group>"; };
		31C4FDD22016707600C0A49D /* Info.plist */ = {isa = PBXFileReference; lastKnownFileType = text.plist.xml; path = Info.plist; sourceTree = "<group>"; };
		31C4FDD820167CC600C0A49D /* DateTime.swift */ = {isa = PBXFileReference; lastKnownFileType = sourcecode.swift; path = DateTime.swift; sourceTree = "<group>"; };
/* End PBXFileReference section */

/* Begin PBXFrameworksBuildPhase section */
		31C4FDC02016707600C0A49D /* Frameworks */ = {
			isa = PBXFrameworksBuildPhase;
			buildActionMask = 2147483647;
			files = (
			);
			runOnlyForDeploymentPostprocessing = 0;
		};
/* End PBXFrameworksBuildPhase section */

/* Begin PBXGroup section */
		31C4FDBA2016707600C0A49D = {
			isa = PBXGroup;
			children = (
				31C4FDC52016707600C0A49D /* clockIn */,
				31C4FDC42016707600C0A49D /* Products */,
			);
			sourceTree = "<group>";
		};
		31C4FDC42016707600C0A49D /* Products */ = {
			isa = PBXGroup;
			children = (
				31C4FDC32016707600C0A49D /* clockIn.app */,
			);
			name = Products;
			sourceTree = "<group>";
		};
		31C4FDC52016707600C0A49D /* clockIn */ = {
			isa = PBXGroup;
			children = (
				31C4FDC62016707600C0A49D /* AppDelegate.swift */,
				31C4FDC82016707600C0A49D /* ViewController.swift */,
				31C4FDD820167CC600C0A49D /* DateTime.swift */,
				31C4FDCA2016707600C0A49D /* Main.storyboard */,
				31C4FDCD2016707600C0A49D /* Assets.xcassets */,
				31C4FDCF2016707600C0A49D /* LaunchScreen.storyboard */,
				31C4FDD22016707600C0A49D /* Info.plist */,
			);
			path = clockIn;
			sourceTree = "<group>";
		};
/* End PBXGroup section */

/* Begin PBXNativeTarget section */
		31C4FDC22016707600C0A49D /* clockIn */ = {
			isa = PBXNativeTarget;
			buildConfigurationList = 31C4FDD52016707600C0A49D /* Build configuration list for PBXNativeTarget "clockIn" */;
			buildPhases = (
				31C4FDBF2016707600C0A49D /* Sources */,
				31C4FDC02016707600C0A49D /* Frameworks */,
				31C4FDC12016707600C0A49D /* Resources */,
			);
			buildRules = (
			);
			dependencies = (
			);
			name = clockIn;
			productName = clockIn;
			productReference = 31C4FDC32016707600C0A49D /* clockIn.app */;
			productType = "com.apple.product-type.application";
		};
/* End PBXNativeTarget section */

/* Begin PBXProject section */
		31C4FDBB2016707600C0A49D /* Project object */ = {
			isa = PBXProject;
			attributes = {
				LastSwiftUpdateCheck = 0920;
				LastUpgradeCheck = 0920;
				ORGANIZATIONNAME = NewfieRocket;
				TargetAttributes = {
					31C4FDC22016707600C0A49D = {
						CreatedOnToolsVersion = 9.2;
						ProvisioningStyle = Automatic;
					};
				};
			};
			buildConfigurationList = 31C4FDBE2016707600C0A49D /* Build configuration list for PBXProject "clockIn" */;
			compatibilityVersion = "Xcode 8.0";
			developmentRegion = en;
			hasScannedForEncodings = 0;
			knownRegions = (
				en,
				Base,
			);
			mainGroup = 31C4FDBA2016707600C0A49D;
			productRefGroup = 31C4FDC42016707600C0A49D /* Products */;
			projectDirPath = "";
			projectRoot = "";
			targets = (
				31C4FDC22016707600C0A49D /* clockIn */,
			);
		};
/* End PBXProject section */

/* Begin PBXResourcesBuildPhase section */
		31C4FDC12016707600C0A49D /* Resources */ = {
			isa = PBXResourcesBuildPhase;
			buildActionMask = 2147483647;
			files = (
				31C4FDD12016707600C0A49D /* LaunchScreen.storyboard in Resources */,
				31C4FDCE2016707600C0A49D /* Assets.xcassets in Resources */,
				31C4FDCC2016707600C0A49D /* Main.storyboard in Resources */,
			);
			runOnlyForDeploymentPostprocessing = 0;
		};
/* End PBXResourcesBuildPhase section */

/* Begin PBXSourcesBuildPhase section */
		31C4FDBF2016707600C0A49D /* Sources */ = {
			isa = PBXSourcesBuildPhase;
			buildActionMask = 2147483647;
			files = (
				31C4FDC92016707600C0A49D /* ViewController.swift in Sources */,
				31C4FDD920167CC600C0A49D /* DateTime.swift in Sources */,
				31C4FDC72016707600C0A49D /* AppDelegate.swift in Sources */,
			);
			runOnlyForDeploymentPostprocessing = 0;
		};
/* End PBXSourcesBuildPhase section */

/* Begin PBXVariantGroup section */
		31C4FDCA2016707600C0A49D /* Main.storyboard */ = {
			isa = PBXVariantGroup;
			children = (
				31C4FDCB2016707600C0A49D /* Base */,
			);
			name = Main.storyboard;
			sourceTree = "<group>";
		};
		31C4FDCF2016707600C0A49D /* LaunchScreen.storyboard */ = {
			isa = PBXVariantGroup;
			children = (
				31C4FDD02016707600C0A49D /* Base */,
			);
			name = LaunchScreen.storyboard;
			sourceTree = "<group>";
		};
/* End PBXVariantGroup section */

/* Begin XCBuildConfiguration section */
		31C4FDD32016707600C0A49D /* Debug */ = {
			isa = XCBuildConfiguration;
			buildSettings = {
				ALWAYS_SEARCH_USER_PATHS = NO;
				CLANG_ANALYZER_NONNULL = YES;
				CLANG_ANALYZER_NUMBER_OBJECT_CONVERSION = YES_AGGRESSIVE;
				CLANG_CXX_LANGUAGE_STANDARD = "gnu++14";
				CLANG_CXX_LIBRARY = "libc++";
				CLANG_ENABLE_MODULES = YES;
				CLANG_ENABLE_OBJC_ARC = YES;
				CLANG_WARN_BLOCK_CAPTURE_AUTORELEASING = YES;
				CLANG_WARN_BOOL_CONVERSION = YES;
				CLANG_WARN_COMMA = YES;
				CLANG_WARN_CONSTANT_CONVERSION = YES;
				CLANG_WARN_DIRECT_OBJC_ISA_USAGE = YES_ERROR;
				CLANG_WARN_DOCUMENTATION_COMMENTS = YES;
				CLANG_WARN_EMPTY_BODY = YES;
				CLANG_WARN_ENUM_CONVERSION = YES;
				CLANG_WARN_INFINITE_RECURSION = YES;
				CLANG_WARN_INT_CONVERSION = YES;
				CLANG_WARN_NON_LITERAL_NULL_CONVERSION = YES;
				CLANG_WARN_OBJC_LITERAL_CONVERSION = YES;
				CLANG_WARN_OBJC_ROOT_CLASS = YES_ERROR;
				CLANG_WARN_RANGE_LOOP_ANALYSIS = YES;
				CLANG_WARN_STRICT_PROTOTYPES = YES;
				CLANG_WARN_SUSPICIOUS_MOVE = YES;
				CLANG_WARN_UNGUARDED_AVAILABILITY = YES_AGGRESSIVE;
				CLANG_WARN_UNREACHABLE_CODE = YES;
				CLANG_WARN__DUPLICATE_METHOD_MATCH = YES;
				CODE_SIGN_IDENTITY = "iPhone Developer";
				COPY_PHASE_STRIP = NO;
				DEBUG_INFORMATION_FORMAT = dwarf;
				ENABLE_STRICT_OBJC_MSGSEND = YES;
				ENABLE_TESTABILITY = YES;
				GCC_C_LANGUAGE_STANDARD = gnu11;
				GCC_DYNAMIC_NO_PIC = NO;
				GCC_NO_COMMON_BLOCKS = YES;
				GCC_OPTIMIZATION_LEVEL = 0;
				GCC_PREPROCESSOR_DEFINITIONS = (
					"DEBUG=1",
					"$(inherited)",
				);
				GCC_WARN_64_TO_32_BIT_CONVERSION = YES;
				GCC_WARN_ABOUT_RETURN_TYPE = YES_ERROR;
				GCC_WARN_UNDECLARED_SELECTOR = YES;
				GCC_WARN_UNINITIALIZED_AUTOS = YES_AGGRESSIVE;
				GCC_WARN_UNUSED_FUNCTION = YES;
				GCC_WARN_UNUSED_VARIABLE = YES;
				IPHONEOS_DEPLOYMENT_TARGET = 11.2;
				MTL_ENABLE_DEBUG_INFO = YES;
				ONLY_ACTIVE_ARCH = YES;
				SDKROOT = iphoneos;
				SWIFT_ACTIVE_COMPILATION_CONDITIONS = DEBUG;
				SWIFT_OPTIMIZATION_LEVEL = "-Onone";
			};
			name = Debug;
		};
		31C4FDD42016707600C0A49D /* Release */ = {
			isa = XCBuildConfiguration;
			buildSettings = {
				ALWAYS_SEARCH_USER_PATHS = NO;
				CLANG_ANALYZER_NONNULL = YES;
				CLANG_ANALYZER_NUMBER_OBJECT_CONVERSION = YES_AGGRESSIVE;
				CLANG_CXX_LANGUAGE_STANDARD = "gnu++14";
				CLANG_CXX_LIBRARY = "libc++";
				CLANG_ENABLE_MODULES = YES;
				CLANG_ENABLE_OBJC_ARC = YES;
				CLANG_WARN_BLOCK_CAPTURE_AUTORELEASING = YES;
				CLANG_WARN_BOOL_CONVERSION = YES;
				CLANG_WARN_COMMA = YES;
				CLANG_WARN_CONSTANT_CONVERSION = YES;
				CLANG_WARN_DIRECT_OBJC_ISA_USAGE = YES_ERROR;
				CLANG_WARN_DOCUMENTATION_COMMENTS = YES;
				CLANG_WARN_EMPTY_BODY = YES;
				CLANG_WARN_ENUM_CONVERSION = YES;
				CLANG_WARN_INFINITE_RECURSION = YES;
				CLANG_WARN_INT_CONVERSION = YES;
				CLANG_WARN_NON_LITERAL_NULL_CONVERSION = YES;
				CLANG_WARN_OBJC_LITERAL_CONVERSION = YES;
				CLANG_WARN_OBJC_ROOT_CLASS = YES_ERROR;
				CLANG_WARN_RANGE_LOOP_ANALYSIS = YES;
				CLANG_WARN_STRICT_PROTOTYPES = YES;
				CLANG_WARN_SUSPICIOUS_MOVE = YES;
				CLANG_WARN_UNGUARDED_AVAILABILITY = YES_AGGRESSIVE;
				CLANG_WARN_UNREACHABLE_CODE = YES;
				CLANG_WARN__DUPLICATE_METHOD_MATCH = YES;
				CODE_SIGN_IDENTITY = "iPhone Developer";
				COPY_PHASE_STRIP = NO;
				DEBUG_INFORMATION_FORMAT = "dwarf-with-dsym";
				ENABLE_NS_ASSERTIONS = NO;
				ENABLE_STRICT_OBJC_MSGSEND = YES;
				GCC_C_LANGUAGE_STANDARD = gnu11;
				GCC_NO_COMMON_BLOCKS = YES;
				GCC_WARN_64_TO_32_BIT_CONVERSION = YES;
				GCC_WARN_ABOUT_RETURN_TYPE = YES_ERROR;
				GCC_WARN_UNDECLARED_SELECTOR = YES;
				GCC_WARN_UNINITIALIZED_AUTOS = YES_AGGRESSIVE;
				GCC_WARN_UNUSED_FUNCTION = YES;
				GCC_WARN_UNUSED_VARIABLE = YES;
				IPHONEOS_DEPLOYMENT_TARGET = 11.2;
				MTL_ENABLE_DEBUG_INFO = NO;
				SDKROOT = iphoneos;
				SWIFT_OPTIMIZATION_LEVEL = "-Owholemodule";
				VALIDATE_PRODUCT = YES;
			};
			name = Release;
		};
		31C4FDD62016707600C0A49D /* Debug */ = {
			isa = XCBuildConfiguration;
			buildSettings = {
				ASSETCATALOG_COMPILER_APPICON_NAME = AppIcon;
				CODE_SIGN_STYLE = Automatic;
				INFOPLIST_FILE = clockIn/Info.plist;
				LD_RUNPATH_SEARCH_PATHS = "$(inherited) @executable_path/Frameworks";
				PRODUCT_BUNDLE_IDENTIFIER = com.newfierocket.clockIn;
				PRODUCT_NAME = "$(TARGET_NAME)";
				SWIFT_VERSION = 4.0;
				TARGETED_DEVICE_FAMILY = "1,2";
			};
			name = Debug;
		};
		31C4FDD72016707600C0A49D /* Release */ = {
			isa = XCBuildConfiguration;
			buildSettings = {
				ASSETCATALOG_COMPILER_APPICON_NAME = AppIcon;
				CODE_SIGN_STYLE = Automatic;
				INFOPLIST_FILE = clockIn/Info.plist;
				LD_RUNPATH_SEARCH_PATHS = "$(inherited) @executable_path/Frameworks";
				PRODUCT_BUNDLE_IDENTIFIER = com.newfierocket.clockIn;
				PRODUCT_NAME = "$(TARGET_NAME)";
				SWIFT_VERSION = 4.0;
				TARGETED_DEVICE_FAMILY = "1,2";
			};
			name = Release;
		};
/* End XCBuildConfiguration section */

/* Begin XCConfigurationList section */
		31C4FDBE2016707600C0A49D /* Build configuration list for PBXProject "clockIn" */ = {
			isa = XCConfigurationList;
			buildConfigurations = (
				31C4FDD32016707600C0A49D /* Debug */,
				31C4FDD42016707600C0A49D /* Release */,
			);
			defaultConfigurationIsVisible = 0;
			defaultConfigurationName = Release;
		};
		31C4FDD52016707600C0A49D /* Build configuration list for PBXNativeTarget "clockIn" */ = {
			isa = XCConfigurationList;
			buildConfigurations = (
				31C4FDD62016707600C0A49D /* Debug */,
				31C4FDD72016707600C0A49D /* Release */,
			);
			defaultConfigurationIsVisible = 0;
			defaultConfigurationName = Release;
		};
/* End XCConfigurationList section */
	};
	rootObject = 31C4FDBB2016707600C0A49D /* Project object */;
}
